
Microsoft Visual Studio Solution File, Format Version 12.00
# Visual Studio Version 17
VisualStudioVersion = 17.0.32014.148
MinimumVisualStudioVersion = 10.0.40219.1
Project("{D954291E-2A0B-460D-934E-DC6B0785DB48}") = "AppUnoTimePicker.Shared", "AppUnoTimePicker\AppUnoTimePicker.Shared\AppUnoTimePicker.Shared.shproj", "{6279C845-92F8-4333-AB99-3D213163593C}"
EndProject
Project("{2150E333-8FDC-42A3-9474-1A3956D46DE8}") = "Platforms", "Platforms", "{5E053DF4-041A-412E-A766-DA323435FABD}"
EndProject
Project("{FAE04EC0-301F-11D3-BF4B-00C04F79EFBC}") = "AppUnoTimePicker.Droid", "AppUnoTimePicker\AppUnoTimePicker.Droid\AppUnoTimePicker.Droid.csproj", "{64325387-1095-4733-87E1-6AAC21071927}"
EndProject
Project("{FAE04EC0-301F-11D3-BF4B-00C04F79EFBC}") = "AppUnoTimePicker.iOS", "AppUnoTimePicker\AppUnoTimePicker.iOS\AppUnoTimePicker.iOS.csproj", "{3A77D3D6-717D-44D1-ABF1-2874579BB63C}"
EndProject
Project("{FAE04EC0-301F-11D3-BF4B-00C04F79EFBC}") = "AppUnoTimePicker.UWP", "AppUnoTimePicker\AppUnoTimePicker.UWP\AppUnoTimePicker.UWP.csproj", "{019872ED-79B1-4925-A962-206545EF0AB3}"
EndProject
Project("{FAE04EC0-301F-11D3-BF4B-00C04F79EFBC}") = "AppUnoTimePicker.Wasm", "AppUnoTimePicker\AppUnoTimePicker.Wasm\AppUnoTimePicker.Wasm.csproj", "{03C500D4-CDEB-40B3-8BD4-3992FD871069}"
EndProject
Project("{FAE04EC0-301F-11D3-BF4B-00C04F79EFBC}") = "AppUnoTimePicker.macOS", "AppUnoTimePicker\AppUnoTimePicker.macOS\AppUnoTimePicker.macOS.csproj", "{0C6A4819-5F57-4781-825D-3CC63374466F}"
EndProject
Project("{FAE04EC0-301F-11D3-BF4B-00C04F79EFBC}") = "AppUnoTimePicker.Skia.Wpf.Host", "AppUnoTimePicker\AppUnoTimePicker.Skia.Wpf.Host\AppUnoTimePicker.Skia.Wpf.Host.csproj", "{E2B91619-CDE1-42F0-AAB0-D416DB8A82B8}"
EndProject
Project("{FAE04EC0-301F-11D3-BF4B-00C04F79EFBC}") = "AppUnoTimePicker.Skia.Wpf", "AppUnoTimePicker\AppUnoTimePicker.Skia.Wpf\AppUnoTimePicker.Skia.Wpf.csproj", "{48BC8059-E6D5-488B-B0EF-758327D717F5}"
EndProject
Project("{FAE04EC0-301F-11D3-BF4B-00C04F79EFBC}") = "AppUnoTimePicker.Skia.Gtk", "AppUnoTimePicker\AppUnoTimePicker.Skia.Gtk\AppUnoTimePicker.Skia.Gtk.csproj", "{AFD7D791-0C4C-49D5-A85B-71BE59C26254}"
EndProject
Project("{FAE04EC0-301F-11D3-BF4B-00C04F79EFBC}") = "AppUnoTimePicker.Skia.Tizen", "AppUnoTimePicker\AppUnoTimePicker.Skia.Tizen\AppUnoTimePicker.Skia.Tizen.csproj", "{A6724E47-169C-4E44-A868-2F80F3E1800A}"
EndProject
Global
	GlobalSection(SharedMSBuildProjectFiles) = preSolution
		AppUnoTimePicker\AppUnoTimePicker.Shared\AppUnoTimePicker.Shared.projitems*{019872ed-79b1-4925-a962-206545ef0ab3}*SharedItemsImports = 4
		AppUnoTimePicker\AppUnoTimePicker.Shared\AppUnoTimePicker.Shared.projitems*{03c500d4-cdeb-40b3-8bd4-3992fd871069}*SharedItemsImports = 5
		AppUnoTimePicker\AppUnoTimePicker.Shared\AppUnoTimePicker.Shared.projitems*{0c6a4819-5f57-4781-825d-3cc63374466f}*SharedItemsImports = 4
		AppUnoTimePicker\AppUnoTimePicker.Shared\AppUnoTimePicker.Shared.projitems*{3a77d3d6-717d-44d1-abf1-2874579bb63c}*SharedItemsImports = 4
		AppUnoTimePicker\AppUnoTimePicker.Shared\AppUnoTimePicker.Shared.projitems*{48bc8059-e6d5-488b-b0ef-758327d717f5}*SharedItemsImports = 5
		AppUnoTimePicker\AppUnoTimePicker.Shared\AppUnoTimePicker.Shared.projitems*{6279c845-92f8-4333-ab99-3d213163593c}*SharedItemsImports = 13
		AppUnoTimePicker\AppUnoTimePicker.Shared\AppUnoTimePicker.Shared.projitems*{64325387-1095-4733-87e1-6aac21071927}*SharedItemsImports = 4
		AppUnoTimePicker\AppUnoTimePicker.Shared\AppUnoTimePicker.Shared.projitems*{a6724e47-169c-4e44-a868-2f80f3e1800a}*SharedItemsImports = 5
		AppUnoTimePicker\AppUnoTimePicker.Shared\AppUnoTimePicker.Shared.projitems*{afd7d791-0c4c-49d5-a85b-71be59c26254}*SharedItemsImports = 5
	EndGlobalSection
	GlobalSection(SolutionConfigurationPlatforms) = preSolution
		Ad-Hoc|Any CPU = Ad-Hoc|Any CPU
		Ad-Hoc|ARM = Ad-Hoc|ARM
		Ad-Hoc|ARM64 = Ad-Hoc|ARM64
		Ad-Hoc|iPhone = Ad-Hoc|iPhone
		Ad-Hoc|iPhoneSimulator = Ad-Hoc|iPhoneSimulator
		Ad-Hoc|x64 = Ad-Hoc|x64
		Ad-Hoc|x86 = Ad-Hoc|x86
		AppStore|Any CPU = AppStore|Any CPU
		AppStore|ARM = AppStore|ARM
		AppStore|ARM64 = AppStore|ARM64
		AppStore|iPhone = AppStore|iPhone
		AppStore|iPhoneSimulator = AppStore|iPhoneSimulator
		AppStore|x64 = AppStore|x64
		AppStore|x86 = AppStore|x86
		Debug|Any CPU = Debug|Any CPU
		Debug|ARM = Debug|ARM
		Debug|ARM64 = Debug|ARM64
		Debug|iPhone = Debug|iPhone
		Debug|iPhoneSimulator = Debug|iPhoneSimulator
		Debug|x64 = Debug|x64
		Debug|x86 = Debug|x86
		Release|Any CPU = Release|Any CPU
		Release|ARM = Release|ARM
		Release|ARM64 = Release|ARM64
		Release|iPhone = Release|iPhone
		Release|iPhoneSimulator = Release|iPhoneSimulator
		Release|x64 = Release|x64
		Release|x86 = Release|x86
	EndGlobalSection
	GlobalSection(ProjectConfigurationPlatforms) = postSolution
		{64325387-1095-4733-87E1-6AAC21071927}.Ad-Hoc|Any CPU.ActiveCfg = Debug|Any CPU
		{64325387-1095-4733-87E1-6AAC21071927}.Ad-Hoc|Any CPU.Build.0 = Debug|Any CPU
		{64325387-1095-4733-87E1-6AAC21071927}.Ad-Hoc|Any CPU.Deploy.0 = Debug|Any CPU
		{64325387-1095-4733-87E1-6AAC21071927}.Ad-Hoc|ARM.ActiveCfg = Debug|Any CPU
		{64325387-1095-4733-87E1-6AAC21071927}.Ad-Hoc|ARM.Build.0 = Debug|Any CPU
		{64325387-1095-4733-87E1-6AAC21071927}.Ad-Hoc|ARM.Deploy.0 = Debug|Any CPU
		{64325387-1095-4733-87E1-6AAC21071927}.Ad-Hoc|ARM64.ActiveCfg = Debug|Any CPU
		{64325387-1095-4733-87E1-6AAC21071927}.Ad-Hoc|ARM64.Build.0 = Debug|Any CPU
		{64325387-1095-4733-87E1-6AAC21071927}.Ad-Hoc|ARM64.Deploy.0 = Debug|Any CPU
		{64325387-1095-4733-87E1-6AAC21071927}.Ad-Hoc|iPhone.ActiveCfg = Debug|Any CPU
		{64325387-1095-4733-87E1-6AAC21071927}.Ad-Hoc|iPhone.Build.0 = Debug|Any CPU
		{64325387-1095-4733-87E1-6AAC21071927}.Ad-Hoc|iPhone.Deploy.0 = Debug|Any CPU
		{64325387-1095-4733-87E1-6AAC21071927}.Ad-Hoc|iPhoneSimulator.ActiveCfg = Debug|Any CPU
		{64325387-1095-4733-87E1-6AAC21071927}.Ad-Hoc|iPhoneSimulator.Build.0 = Debug|Any CPU
		{64325387-1095-4733-87E1-6AAC21071927}.Ad-Hoc|iPhoneSimulator.Deploy.0 = Debug|Any CPU
		{64325387-1095-4733-87E1-6AAC21071927}.Ad-Hoc|x64.ActiveCfg = Debug|Any CPU
		{64325387-1095-4733-87E1-6AAC21071927}.Ad-Hoc|x64.Build.0 = Debug|Any CPU
		{64325387-1095-4733-87E1-6AAC21071927}.Ad-Hoc|x64.Deploy.0 = Debug|Any CPU
		{64325387-1095-4733-87E1-6AAC21071927}.Ad-Hoc|x86.ActiveCfg = Debug|Any CPU
		{64325387-1095-4733-87E1-6AAC21071927}.Ad-Hoc|x86.Build.0 = Debug|Any CPU
		{64325387-1095-4733-87E1-6AAC21071927}.Ad-Hoc|x86.Deploy.0 = Debug|Any CPU
		{64325387-1095-4733-87E1-6AAC21071927}.AppStore|Any CPU.ActiveCfg = Debug|Any CPU
		{64325387-1095-4733-87E1-6AAC21071927}.AppStore|Any CPU.Build.0 = Debug|Any CPU
		{64325387-1095-4733-87E1-6AAC21071927}.AppStore|Any CPU.Deploy.0 = Debug|Any CPU
		{64325387-1095-4733-87E1-6AAC21071927}.AppStore|ARM.ActiveCfg = Debug|Any CPU
		{64325387-1095-4733-87E1-6AAC21071927}.AppStore|ARM.Build.0 = Debug|Any CPU
		{64325387-1095-4733-87E1-6AAC21071927}.AppStore|ARM.Deploy.0 = Debug|Any CPU
		{64325387-1095-4733-87E1-6AAC21071927}.AppStore|ARM64.ActiveCfg = Debug|Any CPU
		{64325387-1095-4733-87E1-6AAC21071927}.AppStore|ARM64.Build.0 = Debug|Any CPU
		{64325387-1095-4733-87E1-6AAC21071927}.AppStore|ARM64.Deploy.0 = Debug|Any CPU
		{64325387-1095-4733-87E1-6AAC21071927}.AppStore|iPhone.ActiveCfg = Debug|Any CPU
		{64325387-1095-4733-87E1-6AAC21071927}.AppStore|iPhone.Build.0 = Debug|Any CPU
		{64325387-1095-4733-87E1-6AAC21071927}.AppStore|iPhone.Deploy.0 = Debug|Any CPU
		{64325387-1095-4733-87E1-6AAC21071927}.AppStore|iPhoneSimulator.ActiveCfg = Debug|Any CPU
		{64325387-1095-4733-87E1-6AAC21071927}.AppStore|iPhoneSimulator.Build.0 = Debug|Any CPU
		{64325387-1095-4733-87E1-6AAC21071927}.AppStore|iPhoneSimulator.Deploy.0 = Debug|Any CPU
		{64325387-1095-4733-87E1-6AAC21071927}.AppStore|x64.ActiveCfg = Debug|Any CPU
		{64325387-1095-4733-87E1-6AAC21071927}.AppStore|x64.Build.0 = Debug|Any CPU
		{64325387-1095-4733-87E1-6AAC21071927}.AppStore|x64.Deploy.0 = Debug|Any CPU
		{64325387-1095-4733-87E1-6AAC21071927}.AppStore|x86.ActiveCfg = Debug|Any CPU
		{64325387-1095-4733-87E1-6AAC21071927}.AppStore|x86.Build.0 = Debug|Any CPU
		{64325387-1095-4733-87E1-6AAC21071927}.AppStore|x86.Deploy.0 = Debug|Any CPU
		{64325387-1095-4733-87E1-6AAC21071927}.Debug|Any CPU.ActiveCfg = Debug|Any CPU
		{64325387-1095-4733-87E1-6AAC21071927}.Debug|Any CPU.Build.0 = Debug|Any CPU
		{64325387-1095-4733-87E1-6AAC21071927}.Debug|Any CPU.Deploy.0 = Debug|Any CPU
		{64325387-1095-4733-87E1-6AAC21071927}.Debug|ARM.ActiveCfg = Debug|Any CPU
		{64325387-1095-4733-87E1-6AAC21071927}.Debug|ARM.Build.0 = Debug|Any CPU
		{64325387-1095-4733-87E1-6AAC21071927}.Debug|ARM.Deploy.0 = Debug|Any CPU
		{64325387-1095-4733-87E1-6AAC21071927}.Debug|ARM64.ActiveCfg = Debug|Any CPU
		{64325387-1095-4733-87E1-6AAC21071927}.Debug|ARM64.Build.0 = Debug|Any CPU
		{64325387-1095-4733-87E1-6AAC21071927}.Debug|ARM64.Deploy.0 = Debug|Any CPU
		{64325387-1095-4733-87E1-6AAC21071927}.Debug|iPhone.ActiveCfg = Debug|Any CPU
		{64325387-1095-4733-87E1-6AAC21071927}.Debug|iPhone.Build.0 = Debug|Any CPU
		{64325387-1095-4733-87E1-6AAC21071927}.Debug|iPhone.Deploy.0 = Debug|Any CPU
		{64325387-1095-4733-87E1-6AAC21071927}.Debug|iPhoneSimulator.ActiveCfg = Debug|Any CPU
		{64325387-1095-4733-87E1-6AAC21071927}.Debug|iPhoneSimulator.Build.0 = Debug|Any CPU
		{64325387-1095-4733-87E1-6AAC21071927}.Debug|iPhoneSimulator.Deploy.0 = Debug|Any CPU
		{64325387-1095-4733-87E1-6AAC21071927}.Debug|x64.ActiveCfg = Debug|Any CPU
		{64325387-1095-4733-87E1-6AAC21071927}.Debug|x64.Build.0 = Debug|Any CPU
		{64325387-1095-4733-87E1-6AAC21071927}.Debug|x64.Deploy.0 = Debug|Any CPU
		{64325387-1095-4733-87E1-6AAC21071927}.Debug|x86.ActiveCfg = Debug|Any CPU
		{64325387-1095-4733-87E1-6AAC21071927}.Debug|x86.Build.0 = Debug|Any CPU
		{64325387-1095-4733-87E1-6AAC21071927}.Debug|x86.Deploy.0 = Debug|Any CPU
		{64325387-1095-4733-87E1-6AAC21071927}.Release|Any CPU.ActiveCfg = Release|Any CPU
		{64325387-1095-4733-87E1-6AAC21071927}.Release|Any CPU.Build.0 = Release|Any CPU
		{64325387-1095-4733-87E1-6AAC21071927}.Release|Any CPU.Deploy.0 = Release|Any CPU
		{64325387-1095-4733-87E1-6AAC21071927}.Release|ARM.ActiveCfg = Release|Any CPU
		{64325387-1095-4733-87E1-6AAC21071927}.Release|ARM.Build.0 = Release|Any CPU
		{64325387-1095-4733-87E1-6AAC21071927}.Release|ARM.Deploy.0 = Release|Any CPU
		{64325387-1095-4733-87E1-6AAC21071927}.Release|ARM64.ActiveCfg = Release|Any CPU
		{64325387-1095-4733-87E1-6AAC21071927}.Release|ARM64.Build.0 = Release|Any CPU
		{64325387-1095-4733-87E1-6AAC21071927}.Release|ARM64.Deploy.0 = Release|Any CPU
		{64325387-1095-4733-87E1-6AAC21071927}.Release|iPhone.ActiveCfg = Release|Any CPU
		{64325387-1095-4733-87E1-6AAC21071927}.Release|iPhone.Build.0 = Release|Any CPU
		{64325387-1095-4733-87E1-6AAC21071927}.Release|iPhone.Deploy.0 = Release|Any CPU
		{64325387-1095-4733-87E1-6AAC21071927}.Release|iPhoneSimulator.ActiveCfg = Release|Any CPU
		{64325387-1095-4733-87E1-6AAC21071927}.Release|iPhoneSimulator.Build.0 = Release|Any CPU
		{64325387-1095-4733-87E1-6AAC21071927}.Release|iPhoneSimulator.Deploy.0 = Release|Any CPU
		{64325387-1095-4733-87E1-6AAC21071927}.Release|x64.ActiveCfg = Release|Any CPU
		{64325387-1095-4733-87E1-6AAC21071927}.Release|x64.Build.0 = Release|Any CPU
		{64325387-1095-4733-87E1-6AAC21071927}.Release|x64.Deploy.0 = Release|Any CPU
		{64325387-1095-4733-87E1-6AAC21071927}.Release|x86.ActiveCfg = Release|Any CPU
		{64325387-1095-4733-87E1-6AAC21071927}.Release|x86.Build.0 = Release|Any CPU
		{64325387-1095-4733-87E1-6AAC21071927}.Release|x86.Deploy.0 = Release|Any CPU
		{3A77D3D6-717D-44D1-ABF1-2874579BB63C}.Ad-Hoc|Any CPU.ActiveCfg = Ad-Hoc|iPhoneSimulator
		{3A77D3D6-717D-44D1-ABF1-2874579BB63C}.Ad-Hoc|Any CPU.Build.0 = Ad-Hoc|iPhoneSimulator
		{3A77D3D6-717D-44D1-ABF1-2874579BB63C}.Ad-Hoc|ARM.ActiveCfg = Ad-Hoc|iPhoneSimulator
		{3A77D3D6-717D-44D1-ABF1-2874579BB63C}.Ad-Hoc|ARM.Build.0 = Ad-Hoc|iPhoneSimulator
		{3A77D3D6-717D-44D1-ABF1-2874579BB63C}.Ad-Hoc|ARM64.ActiveCfg = Ad-Hoc|iPhoneSimulator
		{3A77D3D6-717D-44D1-ABF1-2874579BB63C}.Ad-Hoc|ARM64.Build.0 = Ad-Hoc|iPhoneSimulator
		{3A77D3D6-717D-44D1-ABF1-2874579BB63C}.Ad-Hoc|iPhone.ActiveCfg = Ad-Hoc|iPhone
		{3A77D3D6-717D-44D1-ABF1-2874579BB63C}.Ad-Hoc|iPhone.Build.0 = Ad-Hoc|iPhone
		{3A77D3D6-717D-44D1-ABF1-2874579BB63C}.Ad-Hoc|iPhoneSimulator.ActiveCfg = Ad-Hoc|iPhoneSimulator
		{3A77D3D6-717D-44D1-ABF1-2874579BB63C}.Ad-Hoc|iPhoneSimulator.Build.0 = Ad-Hoc|iPhoneSimulator
		{3A77D3D6-717D-44D1-ABF1-2874579BB63C}.Ad-Hoc|x64.ActiveCfg = Ad-Hoc|iPhoneSimulator
		{3A77D3D6-717D-44D1-ABF1-2874579BB63C}.Ad-Hoc|x64.Build.0 = Ad-Hoc|iPhoneSimulator
		{3A77D3D6-717D-44D1-ABF1-2874579BB63C}.Ad-Hoc|x86.ActiveCfg = Ad-Hoc|iPhoneSimulator
		{3A77D3D6-717D-44D1-ABF1-2874579BB63C}.Ad-Hoc|x86.Build.0 = Ad-Hoc|iPhoneSimulator
		{3A77D3D6-717D-44D1-ABF1-2874579BB63C}.AppStore|Any CPU.ActiveCfg = AppStore|iPhoneSimulator
		{3A77D3D6-717D-44D1-ABF1-2874579BB63C}.AppStore|Any CPU.Build.0 = AppStore|iPhoneSimulator
		{3A77D3D6-717D-44D1-ABF1-2874579BB63C}.AppStore|ARM.ActiveCfg = AppStore|iPhoneSimulator
		{3A77D3D6-717D-44D1-ABF1-2874579BB63C}.AppStore|ARM.Build.0 = AppStore|iPhoneSimulator
		{3A77D3D6-717D-44D1-ABF1-2874579BB63C}.AppStore|ARM64.ActiveCfg = AppStore|iPhoneSimulator
		{3A77D3D6-717D-44D1-ABF1-2874579BB63C}.AppStore|ARM64.Build.0 = AppStore|iPhoneSimulator
		{3A77D3D6-717D-44D1-ABF1-2874579BB63C}.AppStore|iPhone.ActiveCfg = AppStore|iPhone
		{3A77D3D6-717D-44D1-ABF1-2874579BB63C}.AppStore|iPhone.Build.0 = AppStore|iPhone
		{3A77D3D6-717D-44D1-ABF1-2874579BB63C}.AppStore|iPhoneSimulator.ActiveCfg = AppStore|iPhoneSimulator
		{3A77D3D6-717D-44D1-ABF1-2874579BB63C}.AppStore|iPhoneSimulator.Build.0 = AppStore|iPhoneSimulator
		{3A77D3D6-717D-44D1-ABF1-2874579BB63C}.AppStore|x64.ActiveCfg = AppStore|iPhoneSimulator
		{3A77D3D6-717D-44D1-ABF1-2874579BB63C}.AppStore|x64.Build.0 = AppStore|iPhoneSimulator
		{3A77D3D6-717D-44D1-ABF1-2874579BB63C}.AppStore|x86.ActiveCfg = AppStore|iPhoneSimulator
		{3A77D3D6-717D-44D1-ABF1-2874579BB63C}.AppStore|x86.Build.0 = AppStore|iPhoneSimulator
		{3A77D3D6-717D-44D1-ABF1-2874579BB63C}.Debug|Any CPU.ActiveCfg = Debug|iPhoneSimulator
		{3A77D3D6-717D-44D1-ABF1-2874579BB63C}.Debug|Any CPU.Build.0 = Debug|iPhoneSimulator
		{3A77D3D6-717D-44D1-ABF1-2874579BB63C}.Debug|ARM.ActiveCfg = Debug|iPhoneSimulator
		{3A77D3D6-717D-44D1-ABF1-2874579BB63C}.Debug|ARM.Build.0 = Debug|iPhoneSimulator
		{3A77D3D6-717D-44D1-ABF1-2874579BB63C}.Debug|ARM64.ActiveCfg = Debug|iPhoneSimulator
		{3A77D3D6-717D-44D1-ABF1-2874579BB63C}.Debug|ARM64.Build.0 = Debug|iPhoneSimulator
		{3A77D3D6-717D-44D1-ABF1-2874579BB63C}.Debug|iPhone.ActiveCfg = Debug|iPhone
		{3A77D3D6-717D-44D1-ABF1-2874579BB63C}.Debug|iPhone.Build.0 = Debug|iPhone
		{3A77D3D6-717D-44D1-ABF1-2874579BB63C}.Debug|iPhoneSimulator.ActiveCfg = Debug|iPhoneSimulator
		{3A77D3D6-717D-44D1-ABF1-2874579BB63C}.Debug|iPhoneSimulator.Build.0 = Debug|iPhoneSimulator
		{3A77D3D6-717D-44D1-ABF1-2874579BB63C}.Debug|x64.ActiveCfg = Debug|iPhoneSimulator
		{3A77D3D6-717D-44D1-ABF1-2874579BB63C}.Debug|x64.Build.0 = Debug|iPhoneSimulator
		{3A77D3D6-717D-44D1-ABF1-2874579BB63C}.Debug|x86.ActiveCfg = Debug|iPhoneSimulator
		{3A77D3D6-717D-44D1-ABF1-2874579BB63C}.Debug|x86.Build.0 = Debug|iPhoneSimulator
		{3A77D3D6-717D-44D1-ABF1-2874579BB63C}.Release|Any CPU.ActiveCfg = Release|iPhoneSimulator
		{3A77D3D6-717D-44D1-ABF1-2874579BB63C}.Release|Any CPU.Build.0 = Release|iPhoneSimulator
		{3A77D3D6-717D-44D1-ABF1-2874579BB63C}.Release|ARM.ActiveCfg = Release|iPhoneSimulator
		{3A77D3D6-717D-44D1-ABF1-2874579BB63C}.Release|ARM.Build.0 = Release|iPhoneSimulator
		{3A77D3D6-717D-44D1-ABF1-2874579BB63C}.Release|ARM64.ActiveCfg = Release|iPhoneSimulator
		{3A77D3D6-717D-44D1-ABF1-2874579BB63C}.Release|ARM64.Build.0 = Release|iPhoneSimulator
		{3A77D3D6-717D-44D1-ABF1-2874579BB63C}.Release|iPhone.ActiveCfg = Release|iPhone
		{3A77D3D6-717D-44D1-ABF1-2874579BB63C}.Release|iPhone.Build.0 = Release|iPhone
		{3A77D3D6-717D-44D1-ABF1-2874579BB63C}.Release|iPhoneSimulator.ActiveCfg = Release|iPhoneSimulator
		{3A77D3D6-717D-44D1-ABF1-2874579BB63C}.Release|iPhoneSimulator.Build.0 = Release|iPhoneSimulator
		{3A77D3D6-717D-44D1-ABF1-2874579BB63C}.Release|x64.ActiveCfg = Release|iPhoneSimulator
		{3A77D3D6-717D-44D1-ABF1-2874579BB63C}.Release|x64.Build.0 = Release|iPhoneSimulator
		{3A77D3D6-717D-44D1-ABF1-2874579BB63C}.Release|x86.ActiveCfg = Release|iPhoneSimulator
		{3A77D3D6-717D-44D1-ABF1-2874579BB63C}.Release|x86.Build.0 = Release|iPhoneSimulator
		{019872ED-79B1-4925-A962-206545EF0AB3}.Ad-Hoc|Any CPU.ActiveCfg = Debug|x86
		{019872ED-79B1-4925-A962-206545EF0AB3}.Ad-Hoc|Any CPU.Build.0 = Debug|x86
		{019872ED-79B1-4925-A962-206545EF0AB3}.Ad-Hoc|Any CPU.Deploy.0 = Debug|x86
		{019872ED-79B1-4925-A962-206545EF0AB3}.Ad-Hoc|ARM.ActiveCfg = Debug|ARM
		{019872ED-79B1-4925-A962-206545EF0AB3}.Ad-Hoc|ARM.Build.0 = Debug|ARM
		{019872ED-79B1-4925-A962-206545EF0AB3}.Ad-Hoc|ARM.Deploy.0 = Debug|ARM
		{019872ED-79B1-4925-A962-206545EF0AB3}.Ad-Hoc|ARM64.ActiveCfg = Debug|ARM64
		{019872ED-79B1-4925-A962-206545EF0AB3}.Ad-Hoc|ARM64.Build.0 = Debug|ARM64
		{019872ED-79B1-4925-A962-206545EF0AB3}.Ad-Hoc|ARM64.Deploy.0 = Debug|ARM64
		{019872ED-79B1-4925-A962-206545EF0AB3}.Ad-Hoc|iPhone.ActiveCfg = Debug|x86
		{019872ED-79B1-4925-A962-206545EF0AB3}.Ad-Hoc|iPhone.Build.0 = Debug|x86
		{019872ED-79B1-4925-A962-206545EF0AB3}.Ad-Hoc|iPhone.Deploy.0 = Debug|x86
		{019872ED-79B1-4925-A962-206545EF0AB3}.Ad-Hoc|iPhoneSimulator.ActiveCfg = Debug|x86
		{019872ED-79B1-4925-A962-206545EF0AB3}.Ad-Hoc|iPhoneSimulator.Build.0 = Debug|x86
		{019872ED-79B1-4925-A962-206545EF0AB3}.Ad-Hoc|iPhoneSimulator.Deploy.0 = Debug|x86
		{019872ED-79B1-4925-A962-206545EF0AB3}.Ad-Hoc|x64.ActiveCfg = Debug|x64
		{019872ED-79B1-4925-A962-206545EF0AB3}.Ad-Hoc|x64.Build.0 = Debug|x64
		{019872ED-79B1-4925-A962-206545EF0AB3}.Ad-Hoc|x64.Deploy.0 = Debug|x64
		{019872ED-79B1-4925-A962-206545EF0AB3}.Ad-Hoc|x86.ActiveCfg = Debug|x86
		{019872ED-79B1-4925-A962-206545EF0AB3}.Ad-Hoc|x86.Build.0 = Debug|x86
		{019872ED-79B1-4925-A962-206545EF0AB3}.Ad-Hoc|x86.Deploy.0 = Debug|x86
		{019872ED-79B1-4925-A962-206545EF0AB3}.AppStore|Any CPU.ActiveCfg = Debug|x86
		{019872ED-79B1-4925-A962-206545EF0AB3}.AppStore|Any CPU.Build.0 = Debug|x86
		{019872ED-79B1-4925-A962-206545EF0AB3}.AppStore|Any CPU.Deploy.0 = Debug|x86
		{019872ED-79B1-4925-A962-206545EF0AB3}.AppStore|ARM.ActiveCfg = Debug|ARM
		{019872ED-79B1-4925-A962-206545EF0AB3}.AppStore|ARM.Build.0 = Debug|ARM
		{019872ED-79B1-4925-A962-206545EF0AB3}.AppStore|ARM.Deploy.0 = Debug|ARM
		{019872ED-79B1-4925-A962-206545EF0AB3}.AppStore|ARM64.ActiveCfg = Debug|ARM64
		{019872ED-79B1-4925-A962-206545EF0AB3}.AppStore|ARM64.Build.0 = Debug|ARM64
		{019872ED-79B1-4925-A962-206545EF0AB3}.AppStore|ARM64.Deploy.0 = Debug|ARM64
		{019872ED-79B1-4925-A962-206545EF0AB3}.AppStore|iPhone.ActiveCfg = Debug|x86
		{019872ED-79B1-4925-A962-206545EF0AB3}.AppStore|iPhone.Build.0 = Debug|x86
		{019872ED-79B1-4925-A962-206545EF0AB3}.AppStore|iPhone.Deploy.0 = Debug|x86
		{019872ED-79B1-4925-A962-206545EF0AB3}.AppStore|iPhoneSimulator.ActiveCfg = Debug|x86
		{019872ED-79B1-4925-A962-206545EF0AB3}.AppStore|iPhoneSimulator.Build.0 = Debug|x86
		{019872ED-79B1-4925-A962-206545EF0AB3}.AppStore|iPhoneSimulator.Deploy.0 = Debug|x86
		{019872ED-79B1-4925-A962-206545EF0AB3}.AppStore|x64.ActiveCfg = Debug|x64
		{019872ED-79B1-4925-A962-206545EF0AB3}.AppStore|x64.Build.0 = Debug|x64
		{019872ED-79B1-4925-A962-206545EF0AB3}.AppStore|x64.Deploy.0 = Debug|x64
		{019872ED-79B1-4925-A962-206545EF0AB3}.AppStore|x86.ActiveCfg = Debug|x86
		{019872ED-79B1-4925-A962-206545EF0AB3}.AppStore|x86.Build.0 = Debug|x86
		{019872ED-79B1-4925-A962-206545EF0AB3}.AppStore|x86.Deploy.0 = Debug|x86
		{019872ED-79B1-4925-A962-206545EF0AB3}.Debug|Any CPU.ActiveCfg = Debug|x64
		{019872ED-79B1-4925-A962-206545EF0AB3}.Debug|Any CPU.Build.0 = Debug|x64
		{019872ED-79B1-4925-A962-206545EF0AB3}.Debug|Any CPU.Deploy.0 = Debug|x64
		{019872ED-79B1-4925-A962-206545EF0AB3}.Debug|ARM.ActiveCfg = Debug|ARM
		{019872ED-79B1-4925-A962-206545EF0AB3}.Debug|ARM.Build.0 = Debug|ARM
		{019872ED-79B1-4925-A962-206545EF0AB3}.Debug|ARM.Deploy.0 = Debug|ARM
		{019872ED-79B1-4925-A962-206545EF0AB3}.Debug|ARM64.ActiveCfg = Debug|ARM64
		{019872ED-79B1-4925-A962-206545EF0AB3}.Debug|ARM64.Build.0 = Debug|ARM64
		{019872ED-79B1-4925-A962-206545EF0AB3}.Debug|ARM64.Deploy.0 = Debug|ARM64
		{019872ED-79B1-4925-A962-206545EF0AB3}.Debug|iPhone.ActiveCfg = Debug|x64
		{019872ED-79B1-4925-A962-206545EF0AB3}.Debug|iPhone.Build.0 = Debug|x64
		{019872ED-79B1-4925-A962-206545EF0AB3}.Debug|iPhone.Deploy.0 = Debug|x64
		{019872ED-79B1-4925-A962-206545EF0AB3}.Debug|iPhoneSimulator.ActiveCfg = Debug|x64
		{019872ED-79B1-4925-A962-206545EF0AB3}.Debug|iPhoneSimulator.Build.0 = Debug|x64
		{019872ED-79B1-4925-A962-206545EF0AB3}.Debug|iPhoneSimulator.Deploy.0 = Debug|x64
		{019872ED-79B1-4925-A962-206545EF0AB3}.Debug|x64.ActiveCfg = Debug|x64
		{019872ED-79B1-4925-A962-206545EF0AB3}.Debug|x64.Build.0 = Debug|x64
		{019872ED-79B1-4925-A962-206545EF0AB3}.Debug|x64.Deploy.0 = Debug|x64
		{019872ED-79B1-4925-A962-206545EF0AB3}.Debug|x86.ActiveCfg = Debug|x86
		{019872ED-79B1-4925-A962-206545EF0AB3}.Debug|x86.Build.0 = Debug|x86
		{019872ED-79B1-4925-A962-206545EF0AB3}.Debug|x86.Deploy.0 = Debug|x86
		{019872ED-79B1-4925-A962-206545EF0AB3}.Release|Any CPU.ActiveCfg = Release|x64
		{019872ED-79B1-4925-A962-206545EF0AB3}.Release|Any CPU.Build.0 = Release|x64
		{019872ED-79B1-4925-A962-206545EF0AB3}.Release|Any CPU.Deploy.0 = Release|x64
		{019872ED-79B1-4925-A962-206545EF0AB3}.Release|ARM.ActiveCfg = Release|ARM
		{019872ED-79B1-4925-A962-206545EF0AB3}.Release|ARM.Build.0 = Release|ARM
		{019872ED-79B1-4925-A962-206545EF0AB3}.Release|ARM.Deploy.0 = Release|ARM
		{019872ED-79B1-4925-A962-206545EF0AB3}.Release|ARM64.ActiveCfg = Release|ARM64
		{019872ED-79B1-4925-A962-206545EF0AB3}.Release|ARM64.Build.0 = Release|ARM64
		{019872ED-79B1-4925-A962-206545EF0AB3}.Release|ARM64.Deploy.0 = Release|ARM64
		{019872ED-79B1-4925-A962-206545EF0AB3}.Release|iPhone.ActiveCfg = Release|x64
		{019872ED-79B1-4925-A962-206545EF0AB3}.Release|iPhone.Build.0 = Release|x64
		{019872ED-79B1-4925-A962-206545EF0AB3}.Release|iPhone.Deploy.0 = Release|x64
		{019872ED-79B1-4925-A962-206545EF0AB3}.Release|iPhoneSimulator.ActiveCfg = Release|x64
		{019872ED-79B1-4925-A962-206545EF0AB3}.Release|iPhoneSimulator.Build.0 = Release|x64
		{019872ED-79B1-4925-A962-206545EF0AB3}.Release|iPhoneSimulator.Deploy.0 = Release|x64
		{019872ED-79B1-4925-A962-206545EF0AB3}.Release|x64.ActiveCfg = Release|x64
		{019872ED-79B1-4925-A962-206545EF0AB3}.Release|x64.Build.0 = Release|x64
		{019872ED-79B1-4925-A962-206545EF0AB3}.Release|x64.Deploy.0 = Release|x64
		{019872ED-79B1-4925-A962-206545EF0AB3}.Release|x86.ActiveCfg = Release|x86
		{019872ED-79B1-4925-A962-206545EF0AB3}.Release|x86.Build.0 = Release|x86
		{019872ED-79B1-4925-A962-206545EF0AB3}.Release|x86.Deploy.0 = Release|x86
		{03C500D4-CDEB-40B3-8BD4-3992FD871069}.Ad-Hoc|Any CPU.ActiveCfg = Debug|Any CPU
		{03C500D4-CDEB-40B3-8BD4-3992FD871069}.Ad-Hoc|Any CPU.Build.0 = Debug|Any CPU
		{03C500D4-CDEB-40B3-8BD4-3992FD871069}.Ad-Hoc|ARM.ActiveCfg = Debug|Any CPU
		{03C500D4-CDEB-40B3-8BD4-3992FD871069}.Ad-Hoc|ARM.Build.0 = Debug|Any CPU
		{03C500D4-CDEB-40B3-8BD4-3992FD871069}.Ad-Hoc|ARM64.ActiveCfg = Debug|Any CPU
		{03C500D4-CDEB-40B3-8BD4-3992FD871069}.Ad-Hoc|ARM64.Build.0 = Debug|Any CPU
		{03C500D4-CDEB-40B3-8BD4-3992FD871069}.Ad-Hoc|iPhone.ActiveCfg = Debug|Any CPU
		{03C500D4-CDEB-40B3-8BD4-3992FD871069}.Ad-Hoc|iPhone.Build.0 = Debug|Any CPU
		{03C500D4-CDEB-40B3-8BD4-3992FD871069}.Ad-Hoc|iPhoneSimulator.ActiveCfg = Debug|Any CPU
		{03C500D4-CDEB-40B3-8BD4-3992FD871069}.Ad-Hoc|iPhoneSimulator.Build.0 = Debug|Any CPU
		{03C500D4-CDEB-40B3-8BD4-3992FD871069}.Ad-Hoc|x64.ActiveCfg = Debug|Any CPU
		{03C500D4-CDEB-40B3-8BD4-3992FD871069}.Ad-Hoc|x64.Build.0 = Debug|Any CPU
		{03C500D4-CDEB-40B3-8BD4-3992FD871069}.Ad-Hoc|x86.ActiveCfg = Debug|Any CPU
		{03C500D4-CDEB-40B3-8BD4-3992FD871069}.Ad-Hoc|x86.Build.0 = Debug|Any CPU
		{03C500D4-CDEB-40B3-8BD4-3992FD871069}.AppStore|Any CPU.ActiveCfg = Debug|Any CPU
		{03C500D4-CDEB-40B3-8BD4-3992FD871069}.AppStore|Any CPU.Build.0 = Debug|Any CPU
		{03C500D4-CDEB-40B3-8BD4-3992FD871069}.AppStore|ARM.ActiveCfg = Debug|Any CPU
		{03C500D4-CDEB-40B3-8BD4-3992FD871069}.AppStore|ARM.Build.0 = Debug|Any CPU
		{03C500D4-CDEB-40B3-8BD4-3992FD871069}.AppStore|ARM64.ActiveCfg = Debug|Any CPU
		{03C500D4-CDEB-40B3-8BD4-3992FD871069}.AppStore|ARM64.Build.0 = Debug|Any CPU
		{03C500D4-CDEB-40B3-8BD4-3992FD871069}.AppStore|iPhone.ActiveCfg = Debug|Any CPU
		{03C500D4-CDEB-40B3-8BD4-3992FD871069}.AppStore|iPhone.Build.0 = Debug|Any CPU
		{03C500D4-CDEB-40B3-8BD4-3992FD871069}.AppStore|iPhoneSimulator.ActiveCfg = Debug|Any CPU
		{03C500D4-CDEB-40B3-8BD4-3992FD871069}.AppStore|iPhoneSimulator.Build.0 = Debug|Any CPU
		{03C500D4-CDEB-40B3-8BD4-3992FD871069}.AppStore|x64.ActiveCfg = Debug|Any CPU
		{03C500D4-CDEB-40B3-8BD4-3992FD871069}.AppStore|x64.Build.0 = Debug|Any CPU
		{03C500D4-CDEB-40B3-8BD4-3992FD871069}.AppStore|x86.ActiveCfg = Debug|Any CPU
		{03C500D4-CDEB-40B3-8BD4-3992FD871069}.AppStore|x86.Build.0 = Debug|Any CPU
		{03C500D4-CDEB-40B3-8BD4-3992FD871069}.Debug|Any CPU.ActiveCfg = Debug|Any CPU
		{03C500D4-CDEB-40B3-8BD4-3992FD871069}.Debug|Any CPU.Build.0 = Debug|Any CPU
		{03C500D4-CDEB-40B3-8BD4-3992FD871069}.Debug|ARM.ActiveCfg = Debug|Any CPU
		{03C500D4-CDEB-40B3-8BD4-3992FD871069}.Debug|ARM.Build.0 = Debug|Any CPU
		{03C500D4-CDEB-40B3-8BD4-3992FD871069}.Debug|ARM64.ActiveCfg = Debug|Any CPU
		{03C500D4-CDEB-40B3-8BD4-3992FD871069}.Debug|ARM64.Build.0 = Debug|Any CPU
		{03C500D4-CDEB-40B3-8BD4-3992FD871069}.Debug|iPhone.ActiveCfg = Debug|Any CPU
		{03C500D4-CDEB-40B3-8BD4-3992FD871069}.Debug|iPhone.Build.0 = Debug|Any CPU
		{03C500D4-CDEB-40B3-8BD4-3992FD871069}.Debug|iPhoneSimulator.ActiveCfg = Debug|Any CPU
		{03C500D4-CDEB-40B3-8BD4-3992FD871069}.Debug|iPhoneSimulator.Build.0 = Debug|Any CPU
		{03C500D4-CDEB-40B3-8BD4-3992FD871069}.Debug|x64.ActiveCfg = Debug|Any CPU
		{03C500D4-CDEB-40B3-8BD4-3992FD871069}.Debug|x64.Build.0 = Debug|Any CPU
		{03C500D4-CDEB-40B3-8BD4-3992FD871069}.Debug|x86.ActiveCfg = Debug|Any CPU
		{03C500D4-CDEB-40B3-8BD4-3992FD871069}.Debug|x86.Build.0 = Debug|Any CPU
		{03C500D4-CDEB-40B3-8BD4-3992FD871069}.Release|Any CPU.ActiveCfg = Release|Any CPU
		{03C500D4-CDEB-40B3-8BD4-3992FD871069}.Release|Any CPU.Build.0 = Release|Any CPU
		{03C500D4-CDEB-40B3-8BD4-3992FD871069}.Release|ARM.ActiveCfg = Release|Any CPU
		{03C500D4-CDEB-40B3-8BD4-3992FD871069}.Release|ARM.Build.0 = Release|Any CPU
		{03C500D4-CDEB-40B3-8BD4-3992FD871069}.Release|ARM64.ActiveCfg = Release|Any CPU
		{03C500D4-CDEB-40B3-8BD4-3992FD871069}.Release|ARM64.Build.0 = Release|Any CPU
		{03C500D4-CDEB-40B3-8BD4-3992FD871069}.Release|iPhone.ActiveCfg = Release|Any CPU
		{03C500D4-CDEB-40B3-8BD4-3992FD871069}.Release|iPhone.Build.0 = Release|Any CPU
		{03C500D4-CDEB-40B3-8BD4-3992FD871069}.Release|iPhoneSimulator.ActiveCfg = Release|Any CPU
		{03C500D4-CDEB-40B3-8BD4-3992FD871069}.Release|iPhoneSimulator.Build.0 = Release|Any CPU
		{03C500D4-CDEB-40B3-8BD4-3992FD871069}.Release|x64.ActiveCfg = Release|Any CPU
		{03C500D4-CDEB-40B3-8BD4-3992FD871069}.Release|x64.Build.0 = Release|Any CPU
		{03C500D4-CDEB-40B3-8BD4-3992FD871069}.Release|x86.ActiveCfg = Release|Any CPU
		{03C500D4-CDEB-40B3-8BD4-3992FD871069}.Release|x86.Build.0 = Release|Any CPU
		{0C6A4819-5F57-4781-825D-3CC63374466F}.Ad-Hoc|Any CPU.ActiveCfg = Debug|iPhoneSimulator
		{0C6A4819-5F57-4781-825D-3CC63374466F}.Ad-Hoc|Any CPU.Build.0 = Debug|iPhoneSimulator
		{0C6A4819-5F57-4781-825D-3CC63374466F}.Ad-Hoc|ARM.ActiveCfg = Debug|iPhoneSimulator
		{0C6A4819-5F57-4781-825D-3CC63374466F}.Ad-Hoc|ARM.Build.0 = Debug|iPhoneSimulator
		{0C6A4819-5F57-4781-825D-3CC63374466F}.Ad-Hoc|ARM64.ActiveCfg = Debug|iPhoneSimulator
		{0C6A4819-5F57-4781-825D-3CC63374466F}.Ad-Hoc|ARM64.Build.0 = Debug|iPhoneSimulator
		{0C6A4819-5F57-4781-825D-3CC63374466F}.Ad-Hoc|iPhone.ActiveCfg = Debug|iPhoneSimulator
		{0C6A4819-5F57-4781-825D-3CC63374466F}.Ad-Hoc|iPhone.Build.0 = Debug|iPhoneSimulator
		{0C6A4819-5F57-4781-825D-3CC63374466F}.Ad-Hoc|iPhoneSimulator.ActiveCfg = Debug|iPhoneSimulator
		{0C6A4819-5F57-4781-825D-3CC63374466F}.Ad-Hoc|iPhoneSimulator.Build.0 = Debug|iPhoneSimulator
		{0C6A4819-5F57-4781-825D-3CC63374466F}.Ad-Hoc|x64.ActiveCfg = Debug|iPhoneSimulator
		{0C6A4819-5F57-4781-825D-3CC63374466F}.Ad-Hoc|x64.Build.0 = Debug|iPhoneSimulator
		{0C6A4819-5F57-4781-825D-3CC63374466F}.Ad-Hoc|x86.ActiveCfg = Debug|iPhoneSimulator
		{0C6A4819-5F57-4781-825D-3CC63374466F}.Ad-Hoc|x86.Build.0 = Debug|iPhoneSimulator
		{0C6A4819-5F57-4781-825D-3CC63374466F}.AppStore|Any CPU.ActiveCfg = Debug|iPhoneSimulator
		{0C6A4819-5F57-4781-825D-3CC63374466F}.AppStore|Any CPU.Build.0 = Debug|iPhoneSimulator
		{0C6A4819-5F57-4781-825D-3CC63374466F}.AppStore|ARM.ActiveCfg = Debug|iPhoneSimulator
		{0C6A4819-5F57-4781-825D-3CC63374466F}.AppStore|ARM.Build.0 = Debug|iPhoneSimulator
		{0C6A4819-5F57-4781-825D-3CC63374466F}.AppStore|ARM64.ActiveCfg = Debug|iPhoneSimulator
		{0C6A4819-5F57-4781-825D-3CC63374466F}.AppStore|ARM64.Build.0 = Debug|iPhoneSimulator
		{0C6A4819-5F57-4781-825D-3CC63374466F}.AppStore|iPhone.ActiveCfg = Debug|iPhoneSimulator
		{0C6A4819-5F57-4781-825D-3CC63374466F}.AppStore|iPhone.Build.0 = Debug|iPhoneSimulator
		{0C6A4819-5F57-4781-825D-3CC63374466F}.AppStore|iPhoneSimulator.ActiveCfg = Debug|iPhoneSimulator
		{0C6A4819-5F57-4781-825D-3CC63374466F}.AppStore|iPhoneSimulator.Build.0 = Debug|iPhoneSimulator
		{0C6A4819-5F57-4781-825D-3CC63374466F}.AppStore|x64.ActiveCfg = Debug|iPhoneSimulator
		{0C6A4819-5F57-4781-825D-3CC63374466F}.AppStore|x64.Build.0 = Debug|iPhoneSimulator
		{0C6A4819-5F57-4781-825D-3CC63374466F}.AppStore|x86.ActiveCfg = Debug|iPhoneSimulator
		{0C6A4819-5F57-4781-825D-3CC63374466F}.AppStore|x86.Build.0 = Debug|iPhoneSimulator
		{0C6A4819-5F57-4781-825D-3CC63374466F}.Debug|Any CPU.ActiveCfg = Debug|iPhoneSimulator
		{0C6A4819-5F57-4781-825D-3CC63374466F}.Debug|Any CPU.Build.0 = Debug|iPhoneSimulator
		{0C6A4819-5F57-4781-825D-3CC63374466F}.Debug|ARM.ActiveCfg = Debug|iPhoneSimulator
		{0C6A4819-5F57-4781-825D-3CC63374466F}.Debug|ARM.Build.0 = Debug|iPhoneSimulator
		{0C6A4819-5F57-4781-825D-3CC63374466F}.Debug|ARM64.ActiveCfg = Debug|iPhoneSimulator
		{0C6A4819-5F57-4781-825D-3CC63374466F}.Debug|ARM64.Build.0 = Debug|iPhoneSimulator
		{0C6A4819-5F57-4781-825D-3CC63374466F}.Debug|iPhone.ActiveCfg = Debug|iPhoneSimulator
		{0C6A4819-5F57-4781-825D-3CC63374466F}.Debug|iPhone.Build.0 = Debug|iPhoneSimulator
		{0C6A4819-5F57-4781-825D-3CC63374466F}.Debug|iPhoneSimulator.ActiveCfg = Debug|iPhoneSimulator
		{0C6A4819-5F57-4781-825D-3CC63374466F}.Debug|iPhoneSimulator.Build.0 = Debug|iPhoneSimulator
		{0C6A4819-5F57-4781-825D-3CC63374466F}.Debug|x64.ActiveCfg = Debug|iPhoneSimulator
		{0C6A4819-5F57-4781-825D-3CC63374466F}.Debug|x64.Build.0 = Debug|iPhoneSimulator
		{0C6A4819-5F57-4781-825D-3CC63374466F}.Debug|x86.ActiveCfg = Debug|iPhoneSimulator
		{0C6A4819-5F57-4781-825D-3CC63374466F}.Debug|x86.Build.0 = Debug|iPhoneSimulator
		{0C6A4819-5F57-4781-825D-3CC63374466F}.Release|Any CPU.ActiveCfg = Release|iPhoneSimulator
		{0C6A4819-5F57-4781-825D-3CC63374466F}.Release|Any CPU.Build.0 = Release|iPhoneSimulator
		{0C6A4819-5F57-4781-825D-3CC63374466F}.Release|ARM.ActiveCfg = Release|iPhoneSimulator
		{0C6A4819-5F57-4781-825D-3CC63374466F}.Release|ARM.Build.0 = Release|iPhoneSimulator
		{0C6A4819-5F57-4781-825D-3CC63374466F}.Release|ARM64.ActiveCfg = Release|iPhoneSimulator
		{0C6A4819-5F57-4781-825D-3CC63374466F}.Release|ARM64.Build.0 = Release|iPhoneSimulator
		{0C6A4819-5F57-4781-825D-3CC63374466F}.Release|iPhone.ActiveCfg = Release|iPhoneSimulator
		{0C6A4819-5F57-4781-825D-3CC63374466F}.Release|iPhone.Build.0 = Release|iPhoneSimulator
		{0C6A4819-5F57-4781-825D-3CC63374466F}.Release|iPhoneSimulator.ActiveCfg = Release|iPhoneSimulator
		{0C6A4819-5F57-4781-825D-3CC63374466F}.Release|iPhoneSimulator.Build.0 = Release|iPhoneSimulator
		{0C6A4819-5F57-4781-825D-3CC63374466F}.Release|x64.ActiveCfg = Release|iPhoneSimulator
		{0C6A4819-5F57-4781-825D-3CC63374466F}.Release|x64.Build.0 = Release|iPhoneSimulator
		{0C6A4819-5F57-4781-825D-3CC63374466F}.Release|x86.ActiveCfg = Release|iPhoneSimulator
		{0C6A4819-5F57-4781-825D-3CC63374466F}.Release|x86.Build.0 = Release|iPhoneSimulator
		{E2B91619-CDE1-42F0-AAB0-D416DB8A82B8}.Ad-Hoc|Any CPU.ActiveCfg = Debug|Any CPU
		{E2B91619-CDE1-42F0-AAB0-D416DB8A82B8}.Ad-Hoc|Any CPU.Build.0 = Debug|Any CPU
		{E2B91619-CDE1-42F0-AAB0-D416DB8A82B8}.Ad-Hoc|ARM.ActiveCfg = Debug|Any CPU
		{E2B91619-CDE1-42F0-AAB0-D416DB8A82B8}.Ad-Hoc|ARM.Build.0 = Debug|Any CPU
		{E2B91619-CDE1-42F0-AAB0-D416DB8A82B8}.Ad-Hoc|ARM64.ActiveCfg = Debug|Any CPU
		{E2B91619-CDE1-42F0-AAB0-D416DB8A82B8}.Ad-Hoc|ARM64.Build.0 = Debug|Any CPU
		{E2B91619-CDE1-42F0-AAB0-D416DB8A82B8}.Ad-Hoc|iPhone.ActiveCfg = Debug|Any CPU
		{E2B91619-CDE1-42F0-AAB0-D416DB8A82B8}.Ad-Hoc|iPhone.Build.0 = Debug|Any CPU
		{E2B91619-CDE1-42F0-AAB0-D416DB8A82B8}.Ad-Hoc|iPhoneSimulator.ActiveCfg = Debug|Any CPU
		{E2B91619-CDE1-42F0-AAB0-D416DB8A82B8}.Ad-Hoc|iPhoneSimulator.Build.0 = Debug|Any CPU
		{E2B91619-CDE1-42F0-AAB0-D416DB8A82B8}.Ad-Hoc|x64.ActiveCfg = Debug|Any CPU
		{E2B91619-CDE1-42F0-AAB0-D416DB8A82B8}.Ad-Hoc|x64.Build.0 = Debug|Any CPU
		{E2B91619-CDE1-42F0-AAB0-D416DB8A82B8}.Ad-Hoc|x86.ActiveCfg = Debug|Any CPU
		{E2B91619-CDE1-42F0-AAB0-D416DB8A82B8}.Ad-Hoc|x86.Build.0 = Debug|Any CPU
		{E2B91619-CDE1-42F0-AAB0-D416DB8A82B8}.AppStore|Any CPU.ActiveCfg = Debug|Any CPU
		{E2B91619-CDE1-42F0-AAB0-D416DB8A82B8}.AppStore|Any CPU.Build.0 = Debug|Any CPU
		{E2B91619-CDE1-42F0-AAB0-D416DB8A82B8}.AppStore|ARM.ActiveCfg = Debug|Any CPU
		{E2B91619-CDE1-42F0-AAB0-D416DB8A82B8}.AppStore|ARM.Build.0 = Debug|Any CPU
		{E2B91619-CDE1-42F0-AAB0-D416DB8A82B8}.AppStore|ARM64.ActiveCfg = Debug|Any CPU
		{E2B91619-CDE1-42F0-AAB0-D416DB8A82B8}.AppStore|ARM64.Build.0 = Debug|Any CPU
		{E2B91619-CDE1-42F0-AAB0-D416DB8A82B8}.AppStore|iPhone.ActiveCfg = Debug|Any CPU
		{E2B91619-CDE1-42F0-AAB0-D416DB8A82B8}.AppStore|iPhone.Build.0 = Debug|Any CPU
		{E2B91619-CDE1-42F0-AAB0-D416DB8A82B8}.AppStore|iPhoneSimulator.ActiveCfg = Debug|Any CPU
		{E2B91619-CDE1-42F0-AAB0-D416DB8A82B8}.AppStore|iPhoneSimulator.Build.0 = Debug|Any CPU
		{E2B91619-CDE1-42F0-AAB0-D416DB8A82B8}.AppStore|x64.ActiveCfg = Debug|Any CPU
		{E2B91619-CDE1-42F0-AAB0-D416DB8A82B8}.AppStore|x64.Build.0 = Debug|Any CPU
		{E2B91619-CDE1-42F0-AAB0-D416DB8A82B8}.AppStore|x86.ActiveCfg = Debug|Any CPU
		{E2B91619-CDE1-42F0-AAB0-D416DB8A82B8}.AppStore|x86.Build.0 = Debug|Any CPU
		{E2B91619-CDE1-42F0-AAB0-D416DB8A82B8}.Debug|Any CPU.ActiveCfg = Debug|Any CPU
		{E2B91619-CDE1-42F0-AAB0-D416DB8A82B8}.Debug|Any CPU.Build.0 = Debug|Any CPU
		{E2B91619-CDE1-42F0-AAB0-D416DB8A82B8}.Debug|ARM.ActiveCfg = Debug|Any CPU
		{E2B91619-CDE1-42F0-AAB0-D416DB8A82B8}.Debug|ARM.Build.0 = Debug|Any CPU
		{E2B91619-CDE1-42F0-AAB0-D416DB8A82B8}.Debug|ARM64.ActiveCfg = Debug|Any CPU
		{E2B91619-CDE1-42F0-AAB0-D416DB8A82B8}.Debug|ARM64.Build.0 = Debug|Any CPU
		{E2B91619-CDE1-42F0-AAB0-D416DB8A82B8}.Debug|iPhone.ActiveCfg = Debug|Any CPU
		{E2B91619-CDE1-42F0-AAB0-D416DB8A82B8}.Debug|iPhone.Build.0 = Debug|Any CPU
		{E2B91619-CDE1-42F0-AAB0-D416DB8A82B8}.Debug|iPhoneSimulator.ActiveCfg = Debug|Any CPU
		{E2B91619-CDE1-42F0-AAB0-D416DB8A82B8}.Debug|iPhoneSimulator.Build.0 = Debug|Any CPU
		{E2B91619-CDE1-42F0-AAB0-D416DB8A82B8}.Debug|x64.ActiveCfg = Debug|Any CPU
		{E2B91619-CDE1-42F0-AAB0-D416DB8A82B8}.Debug|x64.Build.0 = Debug|Any CPU
		{E2B91619-CDE1-42F0-AAB0-D416DB8A82B8}.Debug|x86.ActiveCfg = Debug|Any CPU
		{E2B91619-CDE1-42F0-AAB0-D416DB8A82B8}.Debug|x86.Build.0 = Debug|Any CPU
		{E2B91619-CDE1-42F0-AAB0-D416DB8A82B8}.Release|Any CPU.ActiveCfg = Release|Any CPU
		{E2B91619-CDE1-42F0-AAB0-D416DB8A82B8}.Release|Any CPU.Build.0 = Release|Any CPU
		{E2B91619-CDE1-42F0-AAB0-D416DB8A82B8}.Release|ARM.ActiveCfg = Release|Any CPU
		{E2B91619-CDE1-42F0-AAB0-D416DB8A82B8}.Release|ARM.Build.0 = Release|Any CPU
		{E2B91619-CDE1-42F0-AAB0-D416DB8A82B8}.Release|ARM64.ActiveCfg = Release|Any CPU
		{E2B91619-CDE1-42F0-AAB0-D416DB8A82B8}.Release|ARM64.Build.0 = Release|Any CPU
		{E2B91619-CDE1-42F0-AAB0-D416DB8A82B8}.Release|iPhone.ActiveCfg = Release|Any CPU
		{E2B91619-CDE1-42F0-AAB0-D416DB8A82B8}.Release|iPhone.Build.0 = Release|Any CPU
		{E2B91619-CDE1-42F0-AAB0-D416DB8A82B8}.Release|iPhoneSimulator.ActiveCfg = Release|Any CPU
		{E2B91619-CDE1-42F0-AAB0-D416DB8A82B8}.Release|iPhoneSimulator.Build.0 = Release|Any CPU
		{E2B91619-CDE1-42F0-AAB0-D416DB8A82B8}.Release|x64.ActiveCfg = Release|Any CPU
		{E2B91619-CDE1-42F0-AAB0-D416DB8A82B8}.Release|x64.Build.0 = Release|Any CPU
		{E2B91619-CDE1-42F0-AAB0-D416DB8A82B8}.Release|x86.ActiveCfg = Release|Any CPU
		{E2B91619-CDE1-42F0-AAB0-D416DB8A82B8}.Release|x86.Build.0 = Release|Any CPU
		{48BC8059-E6D5-488B-B0EF-758327D717F5}.Ad-Hoc|Any CPU.ActiveCfg = Debug|Any CPU
		{48BC8059-E6D5-488B-B0EF-758327D717F5}.Ad-Hoc|Any CPU.Build.0 = Debug|Any CPU
		{48BC8059-E6D5-488B-B0EF-758327D717F5}.Ad-Hoc|ARM.ActiveCfg = Debug|Any CPU
		{48BC8059-E6D5-488B-B0EF-758327D717F5}.Ad-Hoc|ARM.Build.0 = Debug|Any CPU
		{48BC8059-E6D5-488B-B0EF-758327D717F5}.Ad-Hoc|ARM64.ActiveCfg = Debug|Any CPU
		{48BC8059-E6D5-488B-B0EF-758327D717F5}.Ad-Hoc|ARM64.Build.0 = Debug|Any CPU
		{48BC8059-E6D5-488B-B0EF-758327D717F5}.Ad-Hoc|iPhone.ActiveCfg = Debug|Any CPU
		{48BC8059-E6D5-488B-B0EF-758327D717F5}.Ad-Hoc|iPhone.Build.0 = Debug|Any CPU
		{48BC8059-E6D5-488B-B0EF-758327D717F5}.Ad-Hoc|iPhoneSimulator.ActiveCfg = Debug|Any CPU
		{48BC8059-E6D5-488B-B0EF-758327D717F5}.Ad-Hoc|iPhoneSimulator.Build.0 = Debug|Any CPU
		{48BC8059-E6D5-488B-B0EF-758327D717F5}.Ad-Hoc|x64.ActiveCfg = Debug|Any CPU
		{48BC8059-E6D5-488B-B0EF-758327D717F5}.Ad-Hoc|x64.Build.0 = Debug|Any CPU
		{48BC8059-E6D5-488B-B0EF-758327D717F5}.Ad-Hoc|x86.ActiveCfg = Debug|Any CPU
		{48BC8059-E6D5-488B-B0EF-758327D717F5}.Ad-Hoc|x86.Build.0 = Debug|Any CPU
		{48BC8059-E6D5-488B-B0EF-758327D717F5}.AppStore|Any CPU.ActiveCfg = Debug|Any CPU
		{48BC8059-E6D5-488B-B0EF-758327D717F5}.AppStore|Any CPU.Build.0 = Debug|Any CPU
		{48BC8059-E6D5-488B-B0EF-758327D717F5}.AppStore|ARM.ActiveCfg = Debug|Any CPU
		{48BC8059-E6D5-488B-B0EF-758327D717F5}.AppStore|ARM.Build.0 = Debug|Any CPU
		{48BC8059-E6D5-488B-B0EF-758327D717F5}.AppStore|ARM64.ActiveCfg = Debug|Any CPU
		{48BC8059-E6D5-488B-B0EF-758327D717F5}.AppStore|ARM64.Build.0 = Debug|Any CPU
		{48BC8059-E6D5-488B-B0EF-758327D717F5}.AppStore|iPhone.ActiveCfg = Debug|Any CPU
		{48BC8059-E6D5-488B-B0EF-758327D717F5}.AppStore|iPhone.Build.0 = Debug|Any CPU
		{48BC8059-E6D5-488B-B0EF-758327D717F5}.AppStore|iPhoneSimulator.ActiveCfg = Debug|Any CPU
		{48BC8059-E6D5-488B-B0EF-758327D717F5}.AppStore|iPhoneSimulator.Build.0 = Debug|Any CPU
		{48BC8059-E6D5-488B-B0EF-758327D717F5}.AppStore|x64.ActiveCfg = Debug|Any CPU
		{48BC8059-E6D5-488B-B0EF-758327D717F5}.AppStore|x64.Build.0 = Debug|Any CPU
		{48BC8059-E6D5-488B-B0EF-758327D717F5}.AppStore|x86.ActiveCfg = Debug|Any CPU
		{48BC8059-E6D5-488B-B0EF-758327D717F5}.AppStore|x86.Build.0 = Debug|Any CPU
		{48BC8059-E6D5-488B-B0EF-758327D717F5}.Debug|Any CPU.ActiveCfg = Debug|Any CPU
		{48BC8059-E6D5-488B-B0EF-758327D717F5}.Debug|Any CPU.Build.0 = Debug|Any CPU
		{48BC8059-E6D5-488B-B0EF-758327D717F5}.Debug|ARM.ActiveCfg = Debug|Any CPU
		{48BC8059-E6D5-488B-B0EF-758327D717F5}.Debug|ARM.Build.0 = Debug|Any CPU
		{48BC8059-E6D5-488B-B0EF-758327D717F5}.Debug|ARM64.ActiveCfg = Debug|Any CPU
		{48BC8059-E6D5-488B-B0EF-758327D717F5}.Debug|ARM64.Build.0 = Debug|Any CPU
		{48BC8059-E6D5-488B-B0EF-758327D717F5}.Debug|iPhone.ActiveCfg = Debug|Any CPU
		{48BC8059-E6D5-488B-B0EF-758327D717F5}.Debug|iPhone.Build.0 = Debug|Any CPU
		{48BC8059-E6D5-488B-B0EF-758327D717F5}.Debug|iPhoneSimulator.ActiveCfg = Debug|Any CPU
		{48BC8059-E6D5-488B-B0EF-758327D717F5}.Debug|iPhoneSimulator.Build.0 = Debug|Any CPU
		{48BC8059-E6D5-488B-B0EF-758327D717F5}.Debug|x64.ActiveCfg = Debug|Any CPU
		{48BC8059-E6D5-488B-B0EF-758327D717F5}.Debug|x64.Build.0 = Debug|Any CPU
		{48BC8059-E6D5-488B-B0EF-758327D717F5}.Debug|x86.ActiveCfg = Debug|Any CPU
		{48BC8059-E6D5-488B-B0EF-758327D717F5}.Debug|x86.Build.0 = Debug|Any CPU
		{48BC8059-E6D5-488B-B0EF-758327D717F5}.Release|Any CPU.ActiveCfg = Release|Any CPU
		{48BC8059-E6D5-488B-B0EF-758327D717F5}.Release|Any CPU.Build.0 = Release|Any CPU
		{48BC8059-E6D5-488B-B0EF-758327D717F5}.Release|ARM.ActiveCfg = Release|Any CPU
		{48BC8059-E6D5-488B-B0EF-758327D717F5}.Release|ARM.Build.0 = Release|Any CPU
		{48BC8059-E6D5-488B-B0EF-758327D717F5}.Release|ARM64.ActiveCfg = Release|Any CPU
		{48BC8059-E6D5-488B-B0EF-758327D717F5}.Release|ARM64.Build.0 = Release|Any CPU
		{48BC8059-E6D5-488B-B0EF-758327D717F5}.Release|iPhone.ActiveCfg = Release|Any CPU
		{48BC8059-E6D5-488B-B0EF-758327D717F5}.Release|iPhone.Build.0 = Release|Any CPU
		{48BC8059-E6D5-488B-B0EF-758327D717F5}.Release|iPhoneSimulator.ActiveCfg = Release|Any CPU
		{48BC8059-E6D5-488B-B0EF-758327D717F5}.Release|iPhoneSimulator.Build.0 = Release|Any CPU
		{48BC8059-E6D5-488B-B0EF-758327D717F5}.Release|x64.ActiveCfg = Release|Any CPU
		{48BC8059-E6D5-488B-B0EF-758327D717F5}.Release|x64.Build.0 = Release|Any CPU
		{48BC8059-E6D5-488B-B0EF-758327D717F5}.Release|x86.ActiveCfg = Release|Any CPU
		{48BC8059-E6D5-488B-B0EF-758327D717F5}.Release|x86.Build.0 = Release|Any CPU
		{AFD7D791-0C4C-49D5-A85B-71BE59C26254}.Ad-Hoc|Any CPU.ActiveCfg = Debug|Any CPU
		{AFD7D791-0C4C-49D5-A85B-71BE59C26254}.Ad-Hoc|Any CPU.Build.0 = Debug|Any CPU
		{AFD7D791-0C4C-49D5-A85B-71BE59C26254}.Ad-Hoc|ARM.ActiveCfg = Debug|Any CPU
		{AFD7D791-0C4C-49D5-A85B-71BE59C26254}.Ad-Hoc|ARM.Build.0 = Debug|Any CPU
		{AFD7D791-0C4C-49D5-A85B-71BE59C26254}.Ad-Hoc|ARM64.ActiveCfg = Debug|Any CPU
		{AFD7D791-0C4C-49D5-A85B-71BE59C26254}.Ad-Hoc|ARM64.Build.0 = Debug|Any CPU
		{AFD7D791-0C4C-49D5-A85B-71BE59C26254}.Ad-Hoc|iPhone.ActiveCfg = Debug|Any CPU
		{AFD7D791-0C4C-49D5-A85B-71BE59C26254}.Ad-Hoc|iPhone.Build.0 = Debug|Any CPU
		{AFD7D791-0C4C-49D5-A85B-71BE59C26254}.Ad-Hoc|iPhoneSimulator.ActiveCfg = Debug|Any CPU
		{AFD7D791-0C4C-49D5-A85B-71BE59C26254}.Ad-Hoc|iPhoneSimulator.Build.0 = Debug|Any CPU
		{AFD7D791-0C4C-49D5-A85B-71BE59C26254}.Ad-Hoc|x64.ActiveCfg = Debug|Any CPU
		{AFD7D791-0C4C-49D5-A85B-71BE59C26254}.Ad-Hoc|x64.Build.0 = Debug|Any CPU
		{AFD7D791-0C4C-49D5-A85B-71BE59C26254}.Ad-Hoc|x86.ActiveCfg = Debug|Any CPU
		{AFD7D791-0C4C-49D5-A85B-71BE59C26254}.Ad-Hoc|x86.Build.0 = Debug|Any CPU
		{AFD7D791-0C4C-49D5-A85B-71BE59C26254}.AppStore|Any CPU.ActiveCfg = Debug|Any CPU
		{AFD7D791-0C4C-49D5-A85B-71BE59C26254}.AppStore|Any CPU.Build.0 = Debug|Any CPU
		{AFD7D791-0C4C-49D5-A85B-71BE59C26254}.AppStore|ARM.ActiveCfg = Debug|Any CPU
		{AFD7D791-0C4C-49D5-A85B-71BE59C26254}.AppStore|ARM.Build.0 = Debug|Any CPU
		{AFD7D791-0C4C-49D5-A85B-71BE59C26254}.AppStore|ARM64.ActiveCfg = Debug|Any CPU
		{AFD7D791-0C4C-49D5-A85B-71BE59C26254}.AppStore|ARM64.Build.0 = Debug|Any CPU
		{AFD7D791-0C4C-49D5-A85B-71BE59C26254}.AppStore|iPhone.ActiveCfg = Debug|Any CPU
		{AFD7D791-0C4C-49D5-A85B-71BE59C26254}.AppStore|iPhone.Build.0 = Debug|Any CPU
		{AFD7D791-0C4C-49D5-A85B-71BE59C26254}.AppStore|iPhoneSimulator.ActiveCfg = Debug|Any CPU
		{AFD7D791-0C4C-49D5-A85B-71BE59C26254}.AppStore|iPhoneSimulator.Build.0 = Debug|Any CPU
		{AFD7D791-0C4C-49D5-A85B-71BE59C26254}.AppStore|x64.ActiveCfg = Debug|Any CPU
		{AFD7D791-0C4C-49D5-A85B-71BE59C26254}.AppStore|x64.Build.0 = Debug|Any CPU
		{AFD7D791-0C4C-49D5-A85B-71BE59C26254}.AppStore|x86.ActiveCfg = Debug|Any CPU
		{AFD7D791-0C4C-49D5-A85B-71BE59C26254}.AppStore|x86.Build.0 = Debug|Any CPU
		{AFD7D791-0C4C-49D5-A85B-71BE59C26254}.Debug|Any CPU.ActiveCfg = Debug|Any CPU
		{AFD7D791-0C4C-49D5-A85B-71BE59C26254}.Debug|Any CPU.Build.0 = Debug|Any CPU
		{AFD7D791-0C4C-49D5-A85B-71BE59C26254}.Debug|ARM.ActiveCfg = Debug|Any CPU
		{AFD7D791-0C4C-49D5-A85B-71BE59C26254}.Debug|ARM.Build.0 = Debug|Any CPU
		{AFD7D791-0C4C-49D5-A85B-71BE59C26254}.Debug|ARM64.ActiveCfg = Debug|Any CPU
		{AFD7D791-0C4C-49D5-A85B-71BE59C26254}.Debug|ARM64.Build.0 = Debug|Any CPU
		{AFD7D791-0C4C-49D5-A85B-71BE59C26254}.Debug|iPhone.ActiveCfg = Debug|Any CPU
		{AFD7D791-0C4C-49D5-A85B-71BE59C26254}.Debug|iPhone.Build.0 = Debug|Any CPU
		{AFD7D791-0C4C-49D5-A85B-71BE59C26254}.Debug|iPhoneSimulator.ActiveCfg = Debug|Any CPU
		{AFD7D791-0C4C-49D5-A85B-71BE59C26254}.Debug|iPhoneSimulator.Build.0 = Debug|Any CPU
		{AFD7D791-0C4C-49D5-A85B-71BE59C26254}.Debug|x64.ActiveCfg = Debug|Any CPU
		{AFD7D791-0C4C-49D5-A85B-71BE59C26254}.Debug|x64.Build.0 = Debug|Any CPU
		{AFD7D791-0C4C-49D5-A85B-71BE59C26254}.Debug|x86.ActiveCfg = Debug|Any CPU
		{AFD7D791-0C4C-49D5-A85B-71BE59C26254}.Debug|x86.Build.0 = Debug|Any CPU
		{AFD7D791-0C4C-49D5-A85B-71BE59C26254}.Release|Any CPU.ActiveCfg = Release|Any CPU
		{AFD7D791-0C4C-49D5-A85B-71BE59C26254}.Release|Any CPU.Build.0 = Release|Any CPU
		{AFD7D791-0C4C-49D5-A85B-71BE59C26254}.Release|ARM.ActiveCfg = Release|Any CPU
		{AFD7D791-0C4C-49D5-A85B-71BE59C26254}.Release|ARM.Build.0 = Release|Any CPU
		{AFD7D791-0C4C-49D5-A85B-71BE59C26254}.Release|ARM64.ActiveCfg = Release|Any CPU
		{AFD7D791-0C4C-49D5-A85B-71BE59C26254}.Release|ARM64.Build.0 = Release|Any CPU
		{AFD7D791-0C4C-49D5-A85B-71BE59C26254}.Release|iPhone.ActiveCfg = Release|Any CPU
		{AFD7D791-0C4C-49D5-A85B-71BE59C26254}.Release|iPhone.Build.0 = Release|Any CPU
		{AFD7D791-0C4C-49D5-A85B-71BE59C26254}.Release|iPhoneSimulator.ActiveCfg = Release|Any CPU
		{AFD7D791-0C4C-49D5-A85B-71BE59C26254}.Release|iPhoneSimulator.Build.0 = Release|Any CPU
		{AFD7D791-0C4C-49D5-A85B-71BE59C26254}.Release|x64.ActiveCfg = Release|Any CPU
		{AFD7D791-0C4C-49D5-A85B-71BE59C26254}.Release|x64.Build.0 = Release|Any CPU
		{AFD7D791-0C4C-49D5-A85B-71BE59C26254}.Release|x86.ActiveCfg = Release|Any CPU
		{AFD7D791-0C4C-49D5-A85B-71BE59C26254}.Release|x86.Build.0 = Release|Any CPU
		{A6724E47-169C-4E44-A868-2F80F3E1800A}.Ad-Hoc|Any CPU.ActiveCfg = Debug|Any CPU
		{A6724E47-169C-4E44-A868-2F80F3E1800A}.Ad-Hoc|Any CPU.Build.0 = Debug|Any CPU
		{A6724E47-169C-4E44-A868-2F80F3E1800A}.Ad-Hoc|ARM.ActiveCfg = Debug|Any CPU
		{A6724E47-169C-4E44-A868-2F80F3E1800A}.Ad-Hoc|ARM.Build.0 = Debug|Any CPU
		{A6724E47-169C-4E44-A868-2F80F3E1800A}.Ad-Hoc|ARM64.ActiveCfg = Debug|Any CPU
		{A6724E47-169C-4E44-A868-2F80F3E1800A}.Ad-Hoc|ARM64.Build.0 = Debug|Any CPU
		{A6724E47-169C-4E44-A868-2F80F3E1800A}.Ad-Hoc|iPhone.ActiveCfg = Debug|Any CPU
		{A6724E47-169C-4E44-A868-2F80F3E1800A}.Ad-Hoc|iPhone.Build.0 = Debug|Any CPU
		{A6724E47-169C-4E44-A868-2F80F3E1800A}.Ad-Hoc|iPhoneSimulator.ActiveCfg = Debug|Any CPU
		{A6724E47-169C-4E44-A868-2F80F3E1800A}.Ad-Hoc|iPhoneSimulator.Build.0 = Debug|Any CPU
		{A6724E47-169C-4E44-A868-2F80F3E1800A}.Ad-Hoc|x64.ActiveCfg = Debug|Any CPU
		{A6724E47-169C-4E44-A868-2F80F3E1800A}.Ad-Hoc|x64.Build.0 = Debug|Any CPU
		{A6724E47-169C-4E44-A868-2F80F3E1800A}.Ad-Hoc|x86.ActiveCfg = Debug|Any CPU
		{A6724E47-169C-4E44-A868-2F80F3E1800A}.Ad-Hoc|x86.Build.0 = Debug|Any CPU
		{A6724E47-169C-4E44-A868-2F80F3E1800A}.AppStore|Any CPU.ActiveCfg = Debug|Any CPU
		{A6724E47-169C-4E44-A868-2F80F3E1800A}.AppStore|Any CPU.Build.0 = Debug|Any CPU
		{A6724E47-169C-4E44-A868-2F80F3E1800A}.AppStore|ARM.ActiveCfg = Debug|Any CPU
		{A6724E47-169C-4E44-A868-2F80F3E1800A}.AppStore|ARM.Build.0 = Debug|Any CPU
		{A6724E47-169C-4E44-A868-2F80F3E1800A}.AppStore|ARM64.ActiveCfg = Debug|Any CPU
		{A6724E47-169C-4E44-A868-2F80F3E1800A}.AppStore|ARM64.Build.0 = Debug|Any CPU
		{A6724E47-169C-4E44-A868-2F80F3E1800A}.AppStore|iPhone.ActiveCfg = Debug|Any CPU
		{A6724E47-169C-4E44-A868-2F80F3E1800A}.AppStore|iPhone.Build.0 = Debug|Any CPU
		{A6724E47-169C-4E44-A868-2F80F3E1800A}.AppStore|iPhoneSimulator.ActiveCfg = Debug|Any CPU
		{A6724E47-169C-4E44-A868-2F80F3E1800A}.AppStore|iPhoneSimulator.Build.0 = Debug|Any CPU
		{A6724E47-169C-4E44-A868-2F80F3E1800A}.AppStore|x64.ActiveCfg = Debug|Any CPU
		{A6724E47-169C-4E44-A868-2F80F3E1800A}.AppStore|x64.Build.0 = Debug|Any CPU
		{A6724E47-169C-4E44-A868-2F80F3E1800A}.AppStore|x86.ActiveCfg = Debug|Any CPU
		{A6724E47-169C-4E44-A868-2F80F3E1800A}.AppStore|x86.Build.0 = Debug|Any CPU
		{A6724E47-169C-4E44-A868-2F80F3E1800A}.Debug|Any CPU.ActiveCfg = Debug|Any CPU
		{A6724E47-169C-4E44-A868-2F80F3E1800A}.Debug|Any CPU.Build.0 = Debug|Any CPU
		{A6724E47-169C-4E44-A868-2F80F3E1800A}.Debug|ARM.ActiveCfg = Debug|Any CPU
		{A6724E47-169C-4E44-A868-2F80F3E1800A}.Debug|ARM.Build.0 = Debug|Any CPU
		{A6724E47-169C-4E44-A868-2F80F3E1800A}.Debug|ARM64.ActiveCfg = Debug|Any CPU
		{A6724E47-169C-4E44-A868-2F80F3E1800A}.Debug|ARM64.Build.0 = Debug|Any CPU
		{A6724E47-169C-4E44-A868-2F80F3E1800A}.Debug|iPhone.ActiveCfg = Debug|Any CPU
		{A6724E47-169C-4E44-A868-2F80F3E1800A}.Debug|iPhone.Build.0 = Debug|Any CPU
		{A6724E47-169C-4E44-A868-2F80F3E1800A}.Debug|iPhoneSimulator.ActiveCfg = Debug|Any CPU
		{A6724E47-169C-4E44-A868-2F80F3E1800A}.Debug|iPhoneSimulator.Build.0 = Debug|Any CPU
		{A6724E47-169C-4E44-A868-2F80F3E1800A}.Debug|x64.ActiveCfg = Debug|Any CPU
		{A6724E47-169C-4E44-A868-2F80F3E1800A}.Debug|x64.Build.0 = Debug|Any CPU
		{A6724E47-169C-4E44-A868-2F80F3E1800A}.Debug|x86.ActiveCfg = Debug|Any CPU
		{A6724E47-169C-4E44-A868-2F80F3E1800A}.Debug|x86.Build.0 = Debug|Any CPU
		{A6724E47-169C-4E44-A868-2F80F3E1800A}.Release|Any CPU.ActiveCfg = Release|Any CPU
		{A6724E47-169C-4E44-A868-2F80F3E1800A}.Release|Any CPU.Build.0 = Release|Any CPU
		{A6724E47-169C-4E44-A868-2F80F3E1800A}.Release|ARM.ActiveCfg = Release|Any CPU
		{A6724E47-169C-4E44-A868-2F80F3E1800A}.Release|ARM.Build.0 = Release|Any CPU
		{A6724E47-169C-4E44-A868-2F80F3E1800A}.Release|ARM64.ActiveCfg = Release|Any CPU
		{A6724E47-169C-4E44-A868-2F80F3E1800A}.Release|ARM64.Build.0 = Release|Any CPU
		{A6724E47-169C-4E44-A868-2F80F3E1800A}.Release|iPhone.ActiveCfg = Release|Any CPU
		{A6724E47-169C-4E44-A868-2F80F3E1800A}.Release|iPhone.Build.0 = Release|Any CPU
		{A6724E47-169C-4E44-A868-2F80F3E1800A}.Release|iPhoneSimulator.ActiveCfg = Release|Any CPU
		{A6724E47-169C-4E44-A868-2F80F3E1800A}.Release|iPhoneSimulator.Build.0 = Release|Any CPU
		{A6724E47-169C-4E44-A868-2F80F3E1800A}.Release|x64.ActiveCfg = Release|Any CPU
		{A6724E47-169C-4E44-A868-2F80F3E1800A}.Release|x64.Build.0 = Release|Any CPU
		{A6724E47-169C-4E44-A868-2F80F3E1800A}.Release|x86.ActiveCfg = Release|Any CPU
		{A6724E47-169C-4E44-A868-2F80F3E1800A}.Release|x86.Build.0 = Release|Any CPU
	EndGlobalSection
	GlobalSection(SolutionProperties) = preSolution
		HideSolutionNode = FALSE
	EndGlobalSection
	GlobalSection(NestedProjects) = preSolution
		{64325387-1095-4733-87E1-6AAC21071927} = {5E053DF4-041A-412E-A766-DA323435FABD}
		{3A77D3D6-717D-44D1-ABF1-2874579BB63C} = {5E053DF4-041A-412E-A766-DA323435FABD}
		{019872ED-79B1-4925-A962-206545EF0AB3} = {5E053DF4-041A-412E-A766-DA323435FABD}
		{03C500D4-CDEB-40B3-8BD4-3992FD871069} = {5E053DF4-041A-412E-A766-DA323435FABD}
		{0C6A4819-5F57-4781-825D-3CC63374466F} = {5E053DF4-041A-412E-A766-DA323435FABD}
		{E2B91619-CDE1-42F0-AAB0-D416DB8A82B8} = {5E053DF4-041A-412E-A766-DA323435FABD}
		{48BC8059-E6D5-488B-B0EF-758327D717F5} = {5E053DF4-041A-412E-A766-DA323435FABD}
		{AFD7D791-0C4C-49D5-A85B-71BE59C26254} = {5E053DF4-041A-412E-A766-DA323435FABD}
		{A6724E47-169C-4E44-A868-2F80F3E1800A} = {5E053DF4-041A-412E-A766-DA323435FABD}
	EndGlobalSection
	GlobalSection(ExtensibilityGlobals) = postSolution
		SolutionGuid = {94CE5055-B653-4234-9A1F-6A348F3D849C}
	EndGlobalSection
EndGlobal
